// !$*UTF8*$!
{
	archiveVersion = 1;
	classes = {
	};
	objectVersion = 56;
	objects = {

/* Begin PBXBuildFile section */
		551B8FBB28F1F75D00687836 /* AppDelegate.swift in Sources */ = {isa = PBXBuildFile; fileRef = 551B8FBA28F1F75D00687836 /* AppDelegate.swift */; };
		551B8FBD28F1F75D00687836 /* GameViewController.swift in Sources */ = {isa = PBXBuildFile; fileRef = 551B8FBC28F1F75D00687836 /* GameViewController.swift */; };
		551B8FC028F1F75D00687836 /* Main.storyboard in Resources */ = {isa = PBXBuildFile; fileRef = 551B8FBE28F1F75D00687836 /* Main.storyboard */; };
		551B8FC328F1F75D00687836 /* LaunchScreen.storyboard in Resources */ = {isa = PBXBuildFile; fileRef = 551B8FC128F1F75D00687836 /* LaunchScreen.storyboard */; };
		551B8FCB28F1F75D00687836 /* AppDelegate.swift in Sources */ = {isa = PBXBuildFile; fileRef = 551B8FCA28F1F75D00687836 /* AppDelegate.swift */; };
		551B8FCD28F1F75D00687836 /* GameViewController.swift in Sources */ = {isa = PBXBuildFile; fileRef = 551B8FCC28F1F75D00687836 /* GameViewController.swift */; };
		551B8FD028F1F75D00687836 /* Main.storyboard in Resources */ = {isa = PBXBuildFile; fileRef = 551B8FCE28F1F75D00687836 /* Main.storyboard */; };
		551B8FD828F1F75D00687836 /* Assets.xcassets in Resources */ = {isa = PBXBuildFile; fileRef = 551B8FB228F1F75D00687836 /* Assets.xcassets */; };
		551B8FD928F1F75D00687836 /* Assets.xcassets in Resources */ = {isa = PBXBuildFile; fileRef = 551B8FB228F1F75D00687836 /* Assets.xcassets */; };
		551B8FE428F1F79200687836 /* GameScene.sks in Resources */ = {isa = PBXBuildFile; fileRef = 551B8FE228F1F79100687836 /* GameScene.sks */; };
		551B8FE528F1F79200687836 /* GameScene.sks in Resources */ = {isa = PBXBuildFile; fileRef = 551B8FE228F1F79100687836 /* GameScene.sks */; };
		551B8FE628F1F79200687836 /* GameScene.swift in Sources */ = {isa = PBXBuildFile; fileRef = 551B8FE328F1F79100687836 /* GameScene.swift */; };
		551B8FE728F1F79200687836 /* GameScene.swift in Sources */ = {isa = PBXBuildFile; fileRef = 551B8FE328F1F79100687836 /* GameScene.swift */; };
		551B8FF028F2048A00687836 /* LICENSE in Resources */ = {isa = PBXBuildFile; fileRef = 551B8FEE28F2048900687836 /* LICENSE */; };
		551B8FF128F2048A00687836 /* README.md in Resources */ = {isa = PBXBuildFile; fileRef = 551B8FEF28F2048A00687836 /* README.md */; };
/* End PBXBuildFile section */

/* Begin PBXFileReference section */
		551B8FB228F1F75D00687836 /* Assets.xcassets */ = {isa = PBXFileReference; lastKnownFileType = folder.assetcatalog; path = Assets.xcassets; sourceTree = "<group>"; };
		551B8FB728F1F75D00687836 /* Spriteoscope.app */ = {isa = PBXFileReference; explicitFileType = wrapper.application; includeInIndex = 0; path = Spriteoscope.app; sourceTree = BUILT_PRODUCTS_DIR; };
		551B8FBA28F1F75D00687836 /* AppDelegate.swift */ = {isa = PBXFileReference; lastKnownFileType = sourcecode.swift; path = AppDelegate.swift; sourceTree = "<group>"; };
		551B8FBC28F1F75D00687836 /* GameViewController.swift */ = {isa = PBXFileReference; lastKnownFileType = sourcecode.swift; path = GameViewController.swift; sourceTree = "<group>"; };
		551B8FBF28F1F75D00687836 /* Base */ = {isa = PBXFileReference; lastKnownFileType = file.storyboard; name = Base; path = Base.lproj/Main.storyboard; sourceTree = "<group>"; };
		551B8FC228F1F75D00687836 /* Base */ = {isa = PBXFileReference; lastKnownFileType = file.storyboard; name = Base; path = Base.lproj/LaunchScreen.storyboard; sourceTree = "<group>"; };
		551B8FC828F1F75D00687836 /* Spriteoscope.app */ = {isa = PBXFileReference; explicitFileType = wrapper.application; includeInIndex = 0; path = Spriteoscope.app; sourceTree = BUILT_PRODUCTS_DIR; };
		551B8FCA28F1F75D00687836 /* AppDelegate.swift */ = {isa = PBXFileReference; lastKnownFileType = sourcecode.swift; path = AppDelegate.swift; sourceTree = "<group>"; };
		551B8FCC28F1F75D00687836 /* GameViewController.swift */ = {isa = PBXFileReference; lastKnownFileType = sourcecode.swift; path = GameViewController.swift; sourceTree = "<group>"; };
		551B8FCF28F1F75D00687836 /* Base */ = {isa = PBXFileReference; lastKnownFileType = file.storyboard; name = Base; path = Base.lproj/Main.storyboard; sourceTree = "<group>"; };
		551B8FD128F1F75D00687836 /* Spriteoscope_macOS.entitlements */ = {isa = PBXFileReference; lastKnownFileType = text.plist.entitlements; path = Spriteoscope_macOS.entitlements; sourceTree = "<group>"; };
		551B8FE228F1F79100687836 /* GameScene.sks */ = {isa = PBXFileReference; lastKnownFileType = file.sks; path = GameScene.sks; sourceTree = "<group>"; };
		551B8FE328F1F79100687836 /* GameScene.swift */ = {isa = PBXFileReference; fileEncoding = 4; lastKnownFileType = sourcecode.swift; path = GameScene.swift; sourceTree = "<group>"; };
		551B8FEE28F2048900687836 /* LICENSE */ = {isa = PBXFileReference; fileEncoding = 4; lastKnownFileType = text; path = LICENSE; sourceTree = "<group>"; };
		551B8FEF28F2048A00687836 /* README.md */ = {isa = PBXFileReference; fileEncoding = 4; lastKnownFileType = net.daringfireball.markdown; path = README.md; sourceTree = "<group>"; };
/* End PBXFileReference section */

/* Begin PBXFrameworksBuildPhase section */
		551B8FB428F1F75D00687836 /* Frameworks */ = {
			isa = PBXFrameworksBuildPhase;
			buildActionMask = 2147483647;
			files = (
			);
			runOnlyForDeploymentPostprocessing = 0;
		};
		551B8FC528F1F75D00687836 /* Frameworks */ = {
			isa = PBXFrameworksBuildPhase;
			buildActionMask = 2147483647;
			files = (
			);
			runOnlyForDeploymentPostprocessing = 0;
		};
/* End PBXFrameworksBuildPhase section */

/* Begin PBXGroup section */
		551B8FA928F1F75B00687836 = {
			isa = PBXGroup;
			children = (
				551B8FEF28F2048A00687836 /* README.md */,
				551B8FEE28F2048900687836 /* LICENSE */,
				551B8FAE28F1F75C00687836 /* Spriteoscope Shared */,
				551B8FB928F1F75D00687836 /* Spriteoscope iOS */,
				551B8FC928F1F75D00687836 /* Spriteoscope macOS */,
				551B8FB828F1F75D00687836 /* Products */,
			);
			sourceTree = "<group>";
		};
		551B8FAE28F1F75C00687836 /* Spriteoscope Shared */ = {
			isa = PBXGroup;
			children = (
				551B8FE228F1F79100687836 /* GameScene.sks */,
				551B8FE328F1F79100687836 /* GameScene.swift */,
				551B8FB228F1F75D00687836 /* Assets.xcassets */,
			);
			path = "Spriteoscope Shared";
			sourceTree = "<group>";
		};
		551B8FB828F1F75D00687836 /* Products */ = {
			isa = PBXGroup;
			children = (
				551B8FB728F1F75D00687836 /* Spriteoscope.app */,
				551B8FC828F1F75D00687836 /* Spriteoscope.app */,
			);
			name = Products;
			sourceTree = "<group>";
		};
		551B8FB928F1F75D00687836 /* Spriteoscope iOS */ = {
			isa = PBXGroup;
			children = (
				551B8FBA28F1F75D00687836 /* AppDelegate.swift */,
				551B8FBC28F1F75D00687836 /* GameViewController.swift */,
				551B8FBE28F1F75D00687836 /* Main.storyboard */,
				551B8FC128F1F75D00687836 /* LaunchScreen.storyboard */,
			);
			path = "Spriteoscope iOS";
			sourceTree = "<group>";
		};
		551B8FC928F1F75D00687836 /* Spriteoscope macOS */ = {
			isa = PBXGroup;
			children = (
				551B8FCA28F1F75D00687836 /* AppDelegate.swift */,
				551B8FCC28F1F75D00687836 /* GameViewController.swift */,
				551B8FCE28F1F75D00687836 /* Main.storyboard */,
				551B8FD128F1F75D00687836 /* Spriteoscope_macOS.entitlements */,
			);
			path = "Spriteoscope macOS";
			sourceTree = "<group>";
		};
/* End PBXGroup section */

/* Begin PBXNativeTarget section */
		551B8FB628F1F75D00687836 /* Spriteoscope iOS */ = {
			isa = PBXNativeTarget;
			buildConfigurationList = 551B8FDC28F1F75D00687836 /* Build configuration list for PBXNativeTarget "Spriteoscope iOS" */;
			buildPhases = (
				551B8FB328F1F75D00687836 /* Sources */,
				551B8FB428F1F75D00687836 /* Frameworks */,
				551B8FB528F1F75D00687836 /* Resources */,
			);
			buildRules = (
			);
			dependencies = (
			);
			name = "Spriteoscope iOS";
			productName = "Spriteoscope iOS";
			productReference = 551B8FB728F1F75D00687836 /* Spriteoscope.app */;
			productType = "com.apple.product-type.application";
		};
		551B8FC728F1F75D00687836 /* Spriteoscope macOS */ = {
			isa = PBXNativeTarget;
			buildConfigurationList = 551B8FDF28F1F75D00687836 /* Build configuration list for PBXNativeTarget "Spriteoscope macOS" */;
			buildPhases = (
				551B8FC428F1F75D00687836 /* Sources */,
				551B8FC528F1F75D00687836 /* Frameworks */,
				551B8FC628F1F75D00687836 /* Resources */,
			);
			buildRules = (
			);
			dependencies = (
			);
			name = "Spriteoscope macOS";
			productName = "Spriteoscope macOS";
			productReference = 551B8FC828F1F75D00687836 /* Spriteoscope.app */;
			productType = "com.apple.product-type.application";
		};
/* End PBXNativeTarget section */

/* Begin PBXProject section */
		551B8FAA28F1F75B00687836 /* Project object */ = {
			isa = PBXProject;
			attributes = {
				BuildIndependentTargetsInParallel = 1;
				LastSwiftUpdateCheck = 1400;
				LastUpgradeCheck = 1400;
				TargetAttributes = {
					551B8FB628F1F75D00687836 = {
						CreatedOnToolsVersion = 14.0;
					};
					551B8FC728F1F75D00687836 = {
						CreatedOnToolsVersion = 14.0;
					};
				};
			};
			buildConfigurationList = 551B8FAD28F1F75B00687836 /* Build configuration list for PBXProject "Spriteoscope" */;
			compatibilityVersion = "Xcode 14.0";
			developmentRegion = en;
			hasScannedForEncodings = 0;
			knownRegions = (
				en,
				Base,
			);
			mainGroup = 551B8FA928F1F75B00687836;
			productRefGroup = 551B8FB828F1F75D00687836 /* Products */;
			projectDirPath = "";
			projectRoot = "";
			targets = (
				551B8FB628F1F75D00687836 /* Spriteoscope iOS */,
				551B8FC728F1F75D00687836 /* Spriteoscope macOS */,
			);
		};
/* End PBXProject section */

/* Begin PBXResourcesBuildPhase section */
		551B8FB528F1F75D00687836 /* Resources */ = {
			isa = PBXResourcesBuildPhase;
			buildActionMask = 2147483647;
			files = (
				551B8FF128F2048A00687836 /* README.md in Resources */,
				551B8FC028F1F75D00687836 /* Main.storyboard in Resources */,
				551B8FE428F1F79200687836 /* GameScene.sks in Resources */,
				551B8FC328F1F75D00687836 /* LaunchScreen.storyboard in Resources */,
				551B8FD828F1F75D00687836 /* Assets.xcassets in Resources */,
				551B8FF028F2048A00687836 /* LICENSE in Resources */,
			);
			runOnlyForDeploymentPostprocessing = 0;
		};
		551B8FC628F1F75D00687836 /* Resources */ = {
			isa = PBXResourcesBuildPhase;
			buildActionMask = 2147483647;
			files = (
				551B8FE528F1F79200687836 /* GameScene.sks in Resources */,
				551B8FD028F1F75D00687836 /* Main.storyboard in Resources */,
				551B8FD928F1F75D00687836 /* Assets.xcassets in Resources */,
			);
			runOnlyForDeploymentPostprocessing = 0;
		};
/* End PBXResourcesBuildPhase section */

/* Begin PBXSourcesBuildPhase section */
		551B8FB328F1F75D00687836 /* Sources */ = {
			isa = PBXSourcesBuildPhase;
			buildActionMask = 2147483647;
			files = (
				551B8FE628F1F79200687836 /* GameScene.swift in Sources */,
				551B8FBD28F1F75D00687836 /* GameViewController.swift in Sources */,
				551B8FBB28F1F75D00687836 /* AppDelegate.swift in Sources */,
			);
			runOnlyForDeploymentPostprocessing = 0;
		};
		551B8FC428F1F75D00687836 /* Sources */ = {
			isa = PBXSourcesBuildPhase;
			buildActionMask = 2147483647;
			files = (
				551B8FE728F1F79200687836 /* GameScene.swift in Sources */,
				551B8FCD28F1F75D00687836 /* GameViewController.swift in Sources */,
				551B8FCB28F1F75D00687836 /* AppDelegate.swift in Sources */,
			);
			runOnlyForDeploymentPostprocessing = 0;
		};
/* End PBXSourcesBuildPhase section */

/* Begin PBXVariantGroup section */
		551B8FBE28F1F75D00687836 /* Main.storyboard */ = {
			isa = PBXVariantGroup;
			children = (
				551B8FBF28F1F75D00687836 /* Base */,
			);
			name = Main.storyboard;
			sourceTree = "<group>";
		};
		551B8FC128F1F75D00687836 /* LaunchScreen.storyboard */ = {
			isa = PBXVariantGroup;
			children = (
				551B8FC228F1F75D00687836 /* Base */,
			);
			name = LaunchScreen.storyboard;
			sourceTree = "<group>";
		};
		551B8FCE28F1F75D00687836 /* Main.storyboard */ = {
			isa = PBXVariantGroup;
			children = (
				551B8FCF28F1F75D00687836 /* Base */,
			);
			name = Main.storyboard;
			sourceTree = "<group>";
		};
/* End PBXVariantGroup section */

/* Begin XCBuildConfiguration section */
		551B8FDA28F1F75D00687836 /* Debug */ = {
			isa = XCBuildConfiguration;
			buildSettings = {
				ALWAYS_SEARCH_USER_PATHS = NO;
				CLANG_ANALYZER_NONNULL = YES;
				CLANG_ANALYZER_NUMBER_OBJECT_CONVERSION = YES_AGGRESSIVE;
				CLANG_CXX_LANGUAGE_STANDARD = "gnu++20";
				CLANG_ENABLE_MODULES = YES;
				CLANG_ENABLE_OBJC_ARC = YES;
				CLANG_ENABLE_OBJC_WEAK = YES;
				CLANG_WARN_BLOCK_CAPTURE_AUTORELEASING = YES;
				CLANG_WARN_BOOL_CONVERSION = YES;
				CLANG_WARN_COMMA = YES;
				CLANG_WARN_CONSTANT_CONVERSION = YES;
				CLANG_WARN_DEPRECATED_OBJC_IMPLEMENTATIONS = YES;
				CLANG_WARN_DIRECT_OBJC_ISA_USAGE = YES_ERROR;
				CLANG_WARN_DOCUMENTATION_COMMENTS = YES;
				CLANG_WARN_EMPTY_BODY = YES;
				CLANG_WARN_ENUM_CONVERSION = YES;
				CLANG_WARN_INFINITE_RECURSION = YES;
				CLANG_WARN_INT_CONVERSION = YES;
				CLANG_WARN_NON_LITERAL_NULL_CONVERSION = YES;
				CLANG_WARN_OBJC_IMPLICIT_RETAIN_SELF = YES;
				CLANG_WARN_OBJC_LITERAL_CONVERSION = YES;
				CLANG_WARN_OBJC_ROOT_CLASS = YES_ERROR;
				CLANG_WARN_QUOTED_INCLUDE_IN_FRAMEWORK_HEADER = YES;
				CLANG_WARN_RANGE_LOOP_ANALYSIS = YES;
				CLANG_WARN_STRICT_PROTOTYPES = YES;
				CLANG_WARN_SUSPICIOUS_MOVE = YES;
				CLANG_WARN_UNGUARDED_AVAILABILITY = YES_AGGRESSIVE;
				CLANG_WARN_UNREACHABLE_CODE = YES;
				CLANG_WARN__DUPLICATE_METHOD_MATCH = YES;
				COPY_PHASE_STRIP = NO;
				DEBUG_INFORMATION_FORMAT = dwarf;
				ENABLE_STRICT_OBJC_MSGSEND = YES;
				ENABLE_TESTABILITY = YES;
				GCC_C_LANGUAGE_STANDARD = gnu11;
				GCC_DYNAMIC_NO_PIC = NO;
				GCC_NO_COMMON_BLOCKS = YES;
				GCC_OPTIMIZATION_LEVEL = 0;
				GCC_PREPROCESSOR_DEFINITIONS = (
					"DEBUG=1",
					"$(inherited)",
				);
				GCC_WARN_64_TO_32_BIT_CONVERSION = YES;
				GCC_WARN_ABOUT_RETURN_TYPE = YES_ERROR;
				GCC_WARN_UNDECLARED_SELECTOR = YES;
				GCC_WARN_UNINITIALIZED_AUTOS = YES_AGGRESSIVE;
				GCC_WARN_UNUSED_FUNCTION = YES;
				GCC_WARN_UNUSED_VARIABLE = YES;
				MTL_ENABLE_DEBUG_INFO = INCLUDE_SOURCE;
				MTL_FAST_MATH = YES;
				ONLY_ACTIVE_ARCH = YES;
				SWIFT_ACTIVE_COMPILATION_CONDITIONS = DEBUG;
				SWIFT_OPTIMIZATION_LEVEL = "-Onone";
			};
			name = Debug;
		};
		551B8FDB28F1F75D00687836 /* Release */ = {
			isa = XCBuildConfiguration;
			buildSettings = {
				ALWAYS_SEARCH_USER_PATHS = NO;
				CLANG_ANALYZER_NONNULL = YES;
				CLANG_ANALYZER_NUMBER_OBJECT_CONVERSION = YES_AGGRESSIVE;
				CLANG_CXX_LANGUAGE_STANDARD = "gnu++20";
				CLANG_ENABLE_MODULES = YES;
				CLANG_ENABLE_OBJC_ARC = YES;
				CLANG_ENABLE_OBJC_WEAK = YES;
				CLANG_WARN_BLOCK_CAPTURE_AUTORELEASING = YES;
				CLANG_WARN_BOOL_CONVERSION = YES;
				CLANG_WARN_COMMA = YES;
				CLANG_WARN_CONSTANT_CONVERSION = YES;
				CLANG_WARN_DEPRECATED_OBJC_IMPLEMENTATIONS = YES;
				CLANG_WARN_DIRECT_OBJC_ISA_USAGE = YES_ERROR;
				CLANG_WARN_DOCUMENTATION_COMMENTS = YES;
				CLANG_WARN_EMPTY_BODY = YES;
				CLANG_WARN_ENUM_CONVERSION = YES;
				CLANG_WARN_INFINITE_RECURSION = YES;
				CLANG_WARN_INT_CONVERSION = YES;
				CLANG_WARN_NON_LITERAL_NULL_CONVERSION = YES;
				CLANG_WARN_OBJC_IMPLICIT_RETAIN_SELF = YES;
				CLANG_WARN_OBJC_LITERAL_CONVERSION = YES;
				CLANG_WARN_OBJC_ROOT_CLASS = YES_ERROR;
				CLANG_WARN_QUOTED_INCLUDE_IN_FRAMEWORK_HEADER = YES;
				CLANG_WARN_RANGE_LOOP_ANALYSIS = YES;
				CLANG_WARN_STRICT_PROTOTYPES = YES;
				CLANG_WARN_SUSPICIOUS_MOVE = YES;
				CLANG_WARN_UNGUARDED_AVAILABILITY = YES_AGGRESSIVE;
				CLANG_WARN_UNREACHABLE_CODE = YES;
				CLANG_WARN__DUPLICATE_METHOD_MATCH = YES;
				COPY_PHASE_STRIP = NO;
				DEBUG_INFORMATION_FORMAT = "dwarf-with-dsym";
				ENABLE_NS_ASSERTIONS = NO;
				ENABLE_STRICT_OBJC_MSGSEND = YES;
				GCC_C_LANGUAGE_STANDARD = gnu11;
				GCC_NO_COMMON_BLOCKS = YES;
				GCC_WARN_64_TO_32_BIT_CONVERSION = YES;
				GCC_WARN_ABOUT_RETURN_TYPE = YES_ERROR;
				GCC_WARN_UNDECLARED_SELECTOR = YES;
				GCC_WARN_UNINITIALIZED_AUTOS = YES_AGGRESSIVE;
				GCC_WARN_UNUSED_FUNCTION = YES;
				GCC_WARN_UNUSED_VARIABLE = YES;
				MTL_ENABLE_DEBUG_INFO = NO;
				MTL_FAST_MATH = YES;
				SWIFT_COMPILATION_MODE = wholemodule;
				SWIFT_OPTIMIZATION_LEVEL = "-O";
			};
			name = Release;
		};
		551B8FDD28F1F75D00687836 /* Debug */ = {
			isa = XCBuildConfiguration;
			buildSettings = {
				ASSETCATALOG_COMPILER_APPICON_NAME = AppIcon;
				ASSETCATALOG_COMPILER_GLOBAL_ACCENT_COLOR_NAME = AccentColor;
				CODE_SIGN_STYLE = Automatic;
				CURRENT_PROJECT_VERSION = 1;
				GENERATE_INFOPLIST_FILE = YES;
				INFOPLIST_KEY_UIApplicationSupportsIndirectInputEvents = YES;
				INFOPLIST_KEY_UILaunchStoryboardName = LaunchScreen;
				INFOPLIST_KEY_UIMainStoryboardFile = Main;
				INFOPLIST_KEY_UIStatusBarHidden = YES;
				INFOPLIST_KEY_UISupportedInterfaceOrientations_iPad = "UIInterfaceOrientationPortrait UIInterfaceOrientationPortraitUpsideDown UIInterfaceOrientationLandscapeLeft UIInterfaceOrientationLandscapeRight";
				INFOPLIST_KEY_UISupportedInterfaceOrientations_iPhone = "UIInterfaceOrientationPortrait UIInterfaceOrientationLandscapeLeft UIInterfaceOrientationLandscapeRight";
				IPHONEOS_DEPLOYMENT_TARGET = 16.0;
				LD_RUNPATH_SEARCH_PATHS = (
					"$(inherited)",
					"@executable_path/Frameworks",
				);
				MARKETING_VERSION = 1.0;
				PRODUCT_BUNDLE_IDENTIFIER = com.amulus.Spriteoscope;
				PRODUCT_NAME = Spriteoscope;
				SDKROOT = iphoneos;
				SWIFT_EMIT_LOC_STRINGS = YES;
				SWIFT_VERSION = 5.0;
				TARGETED_DEVICE_FAMILY = "1,2";
			};
			name = Debug;
		};
		551B8FDE28F1F75D00687836 /* Release */ = {
			isa = XCBuildConfiguration;
			buildSettings = {
				ASSETCATALOG_COMPILER_APPICON_NAME = AppIcon;
				ASSETCATALOG_COMPILER_GLOBAL_ACCENT_COLOR_NAME = AccentColor;
				CODE_SIGN_STYLE = Automatic;
				CURRENT_PROJECT_VERSION = 1;
				GENERATE_INFOPLIST_FILE = YES;
				INFOPLIST_KEY_UIApplicationSupportsIndirectInputEvents = YES;
				INFOPLIST_KEY_UILaunchStoryboardName = LaunchScreen;
				INFOPLIST_KEY_UIMainStoryboardFile = Main;
				INFOPLIST_KEY_UIStatusBarHidden = YES;
				INFOPLIST_KEY_UISupportedInterfaceOrientations_iPad = "UIInterfaceOrientationPortrait UIInterfaceOrientationPortraitUpsideDown UIInterfaceOrientationLandscapeLeft UIInterfaceOrientationLandscapeRight";
				INFOPLIST_KEY_UISupportedInterfaceOrientations_iPhone = "UIInterfaceOrientationPortrait UIInterfaceOrientationLandscapeLeft UIInterfaceOrientationLandscapeRight";
				IPHONEOS_DEPLOYMENT_TARGET = 16.0;
				LD_RUNPATH_SEARCH_PATHS = (
					"$(inherited)",
					"@executable_path/Frameworks",
				);
				MARKETING_VERSION = 1.0;
				PRODUCT_BUNDLE_IDENTIFIER = com.amulus.Spriteoscope;
				PRODUCT_NAME = Spriteoscope;
				SDKROOT = iphoneos;
				SWIFT_EMIT_LOC_STRINGS = YES;
				SWIFT_VERSION = 5.0;
				TARGETED_DEVICE_FAMILY = "1,2";
				VALIDATE_PRODUCT = YES;
			};
			name = Release;
		};
		551B8FE028F1F75D00687836 /* Debug */ = {
			isa = XCBuildConfiguration;
			buildSettings = {
				ASSETCATALOG_COMPILER_APPICON_NAME = AppIcon;
				ASSETCATALOG_COMPILER_GLOBAL_ACCENT_COLOR_NAME = AccentColor;
				CODE_SIGN_ENTITLEMENTS = "Spriteoscope macOS/Spriteoscope_macOS.entitlements";
				CODE_SIGN_STYLE = Automatic;
				COMBINE_HIDPI_IMAGES = YES;
				CURRENT_PROJECT_VERSION = 1;
				GENERATE_INFOPLIST_FILE = YES;
				INFOPLIST_KEY_NSHumanReadableCopyright = "";
				INFOPLIST_KEY_NSMainStoryboardFile = Main;
				INFOPLIST_KEY_NSPrincipalClass = NSApplication;
				LD_RUNPATH_SEARCH_PATHS = (
					"$(inherited)",
					"@executable_path/../Frameworks",
				);
				MACOSX_DEPLOYMENT_TARGET = 12.3;
				MARKETING_VERSION = 1.0;
				PRODUCT_BUNDLE_IDENTIFIER = com.amulus.Spriteoscope;
				PRODUCT_NAME = Spriteoscope;
				SDKROOT = macosx;
				SWIFT_EMIT_LOC_STRINGS = YES;
				SWIFT_VERSION = 5.0;
			};
			name = Debug;
		};
		551B8FE128F1F75D00687836 /* Release */ = {
			isa = XCBuildConfiguration;
			buildSettings = {
				ASSETCATALOG_COMPILER_APPICON_NAME = AppIcon;
				ASSETCATALOG_COMPILER_GLOBAL_ACCENT_COLOR_NAME = AccentColor;
				CODE_SIGN_ENTITLEMENTS = "Spriteoscope macOS/Spriteoscope_macOS.entitlements";
				CODE_SIGN_STYLE = Automatic;
				COMBINE_HIDPI_IMAGES = YES;
				CURRENT_PROJECT_VERSION = 1;
				GENERATE_INFOPLIST_FILE = YES;
				INFOPLIST_KEY_NSHumanReadableCopyright = "";
				INFOPLIST_KEY_NSMainStoryboardFile = Main;
				INFOPLIST_KEY_NSPrincipalClass = NSApplication;
				LD_RUNPATH_SEARCH_PATHS = (
					"$(inherited)",
					"@executable_path/../Frameworks",
				);
				MACOSX_DEPLOYMENT_TARGET = 12.3;
				MARKETING_VERSION = 1.0;
				PRODUCT_BUNDLE_IDENTIFIER = com.amulus.Spriteoscope;
				PRODUCT_NAME = Spriteoscope;
				SDKROOT = macosx;
				SWIFT_EMIT_LOC_STRINGS = YES;
				SWIFT_VERSION = 5.0;
			};
			name = Release;
		};
/* End XCBuildConfiguration section */

/* Begin XCConfigurationList section */
		551B8FAD28F1F75B00687836 /* Build configuration list for PBXProject "Spriteoscope" */ = {
			isa = XCConfigurationList;
			buildConfigurations = (
				551B8FDA28F1F75D00687836 /* Debug */,
				551B8FDB28F1F75D00687836 /* Release */,
			);
			defaultConfigurationIsVisible = 0;
			defaultConfigurationName = Release;
		};
		551B8FDC28F1F75D00687836 /* Build configuration list for PBXNativeTarget "Spriteoscope iOS" */ = {
			isa = XCConfigurationList;
			buildConfigurations = (
				551B8FDD28F1F75D00687836 /* Debug */,
				551B8FDE28F1F75D00687836 /* Release */,
			);
			defaultConfigurationIsVisible = 0;
			defaultConfigurationName = Release;
		};
		551B8FDF28F1F75D00687836 /* Build configuration list for PBXNativeTarget "Spriteoscope macOS" */ = {
			isa = XCConfigurationList;
			buildConfigurations = (
				551B8FE028F1F75D00687836 /* Debug */,
				551B8FE128F1F75D00687836 /* Release */,
			);
			defaultConfigurationIsVisible = 0;
			defaultConfigurationName = Release;
		};
/* End XCConfigurationList section */
	};
	rootObject = 551B8FAA28F1F75B00687836 /* Project object */;
}
